
Microsoft Visual Studio Solution File, Format Version 12.00
# Visual Studio 15
VisualStudioVersion = 15.0.28307.1622
MinimumVisualStudioVersion = 10.0.40219.1
Project("{159641D6-6404-4A2A-AE62-294DE0FE8301}") = "SSISTestProject", "SSISTestProject\SSISTestProject.dtproj", "{174A02E7-0643-4992-B921-40EF569CF061}"
EndProject
Global
	GlobalSection(SolutionConfigurationPlatforms) = preSolution
		Development|Default = Development|Default
	EndGlobalSection
	GlobalSection(ProjectConfigurationPlatforms) = postSolution
		{174A02E7-0643-4992-B921-40EF569CF061}.Development|Default.ActiveCfg = Development
		{174A02E7-0643-4992-B921-40EF569CF061}.Development|Default.Build.0 = Development
	EndGlobalSection
	GlobalSection(SolutionProperties) = preSolution
		HideSolutionNode = FALSE
	EndGlobalSection
	GlobalSection(ExtensibilityGlobals) = postSolution
		SolutionGuid = {017B1021-FE78-4741-B91F-23222D818DB8}
	EndGlobalSection
EndGlobal
